// !$*UTF8*$!
{
	archiveVersion = 1;
	classes = {
	};
	objectVersion = 48;
	objects = {

/* Begin PBXBuildFile section */
		3F2655CA67DBAB288EC952C9 /* Pods_Trade_Diary.framework in Frameworks */ = {isa = PBXBuildFile; fileRef = 97B9A8BEA2C3217CBBB0EFB5 /* Pods_Trade_Diary.framework */; };
		6851FDDD20410E8E00C0C9C0 /* AppDelegate.swift in Sources */ = {isa = PBXBuildFile; fileRef = 6851FDDC20410E8E00C0C9C0 /* AppDelegate.swift */; };
		6851FDE420410E8E00C0C9C0 /* Assets.xcassets in Resources */ = {isa = PBXBuildFile; fileRef = 6851FDE320410E8E00C0C9C0 /* Assets.xcassets */; };
		6851FDE720410E8E00C0C9C0 /* LaunchScreen.storyboard in Resources */ = {isa = PBXBuildFile; fileRef = 6851FDE520410E8E00C0C9C0 /* LaunchScreen.storyboard */; };
		6851FDF020410FAB00C0C9C0 /* TradeTableViewController.swift in Sources */ = {isa = PBXBuildFile; fileRef = 6851FDEF20410FAB00C0C9C0 /* TradeTableViewController.swift */; };
		6851FDF22041191500C0C9C0 /* NewTradeViewController.swift in Sources */ = {isa = PBXBuildFile; fileRef = 6851FDF12041191500C0C9C0 /* NewTradeViewController.swift */; };
		6851FDF5204125A400C0C9C0 /* GSLayoutConstraint.swift in Sources */ = {isa = PBXBuildFile; fileRef = 6851FDF4204125A400C0C9C0 /* GSLayoutConstraint.swift */; };
/* End PBXBuildFile section */

/* Begin PBXFileReference section */
		6851FDD920410E8E00C0C9C0 /* Trade Diary.app */ = {isa = PBXFileReference; explicitFileType = wrapper.application; includeInIndex = 0; path = "Trade Diary.app"; sourceTree = BUILT_PRODUCTS_DIR; };
		6851FDDC20410E8E00C0C9C0 /* AppDelegate.swift */ = {isa = PBXFileReference; lastKnownFileType = sourcecode.swift; path = AppDelegate.swift; sourceTree = "<group>"; };
		6851FDE320410E8E00C0C9C0 /* Assets.xcassets */ = {isa = PBXFileReference; lastKnownFileType = folder.assetcatalog; path = Assets.xcassets; sourceTree = "<group>"; };
		6851FDE620410E8E00C0C9C0 /* Base */ = {isa = PBXFileReference; lastKnownFileType = file.storyboard; name = Base; path = Base.lproj/LaunchScreen.storyboard; sourceTree = "<group>"; };
		6851FDE820410E8E00C0C9C0 /* Info.plist */ = {isa = PBXFileReference; lastKnownFileType = text.plist.xml; path = Info.plist; sourceTree = "<group>"; };
		6851FDEF20410FAB00C0C9C0 /* TradeTableViewController.swift */ = {isa = PBXFileReference; lastKnownFileType = sourcecode.swift; path = TradeTableViewController.swift; sourceTree = "<group>"; };
		6851FDF12041191500C0C9C0 /* NewTradeViewController.swift */ = {isa = PBXFileReference; lastKnownFileType = sourcecode.swift; path = NewTradeViewController.swift; sourceTree = "<group>"; };
		6851FDF4204125A400C0C9C0 /* GSLayoutConstraint.swift */ = {isa = PBXFileReference; lastKnownFileType = sourcecode.swift; path = GSLayoutConstraint.swift; sourceTree = "<group>"; };
		97B9A8BEA2C3217CBBB0EFB5 /* Pods_Trade_Diary.framework */ = {isa = PBXFileReference; explicitFileType = wrapper.framework; includeInIndex = 0; path = Pods_Trade_Diary.framework; sourceTree = BUILT_PRODUCTS_DIR; };
		C6FD5DD944981435C21FCE09 /* Pods-Trade Diary.release.xcconfig */ = {isa = PBXFileReference; includeInIndex = 1; lastKnownFileType = text.xcconfig; name = "Pods-Trade Diary.release.xcconfig"; path = "Pods/Target Support Files/Pods-Trade Diary/Pods-Trade Diary.release.xcconfig"; sourceTree = "<group>"; };
		FF70E953753FC24A1503C9F0 /* Pods-Trade Diary.debug.xcconfig */ = {isa = PBXFileReference; includeInIndex = 1; lastKnownFileType = text.xcconfig; name = "Pods-Trade Diary.debug.xcconfig"; path = "Pods/Target Support Files/Pods-Trade Diary/Pods-Trade Diary.debug.xcconfig"; sourceTree = "<group>"; };
/* End PBXFileReference section */

/* Begin PBXFrameworksBuildPhase section */
		6851FDD620410E8E00C0C9C0 /* Frameworks */ = {
			isa = PBXFrameworksBuildPhase;
			buildActionMask = 2147483647;
			files = (
				3F2655CA67DBAB288EC952C9 /* Pods_Trade_Diary.framework in Frameworks */,
			);
			runOnlyForDeploymentPostprocessing = 0;
		};
/* End PBXFrameworksBuildPhase section */

/* Begin PBXGroup section */
		05C4B4F8AED7AF54DF3A1266 /* Frameworks */ = {
			isa = PBXGroup;
			children = (
				97B9A8BEA2C3217CBBB0EFB5 /* Pods_Trade_Diary.framework */,
			);
			name = Frameworks;
			sourceTree = "<group>";
		};
		0D9E0575B29FD966E9AA4056 /* Pods */ = {
			isa = PBXGroup;
			children = (
				FF70E953753FC24A1503C9F0 /* Pods-Trade Diary.debug.xcconfig */,
				C6FD5DD944981435C21FCE09 /* Pods-Trade Diary.release.xcconfig */,
			);
			name = Pods;
			sourceTree = "<group>";
		};
		6851FDD020410E8E00C0C9C0 = {
			isa = PBXGroup;
			children = (
				6851FDDB20410E8E00C0C9C0 /* Trade Diary */,
				6851FDDA20410E8E00C0C9C0 /* Products */,
				0D9E0575B29FD966E9AA4056 /* Pods */,
				05C4B4F8AED7AF54DF3A1266 /* Frameworks */,
			);
			sourceTree = "<group>";
		};
		6851FDDA20410E8E00C0C9C0 /* Products */ = {
			isa = PBXGroup;
			children = (
				6851FDD920410E8E00C0C9C0 /* Trade Diary.app */,
			);
			name = Products;
			sourceTree = "<group>";
		};
		6851FDDB20410E8E00C0C9C0 /* Trade Diary */ = {
			isa = PBXGroup;
			children = (
				6851FDF32041258900C0C9C0 /* Helpers */,
				6851FDEE20410F8A00C0C9C0 /* Controllers */,
				6851FDDC20410E8E00C0C9C0 /* AppDelegate.swift */,
				6851FDE320410E8E00C0C9C0 /* Assets.xcassets */,
				6851FDE520410E8E00C0C9C0 /* LaunchScreen.storyboard */,
				6851FDE820410E8E00C0C9C0 /* Info.plist */,
			);
			path = "Trade Diary";
			sourceTree = "<group>";
		};
		6851FDEE20410F8A00C0C9C0 /* Controllers */ = {
			isa = PBXGroup;
			children = (
				6851FDEF20410FAB00C0C9C0 /* TradeTableViewController.swift */,
				6851FDF12041191500C0C9C0 /* NewTradeViewController.swift */,
			);
			path = Controllers;
			sourceTree = "<group>";
		};
		6851FDF32041258900C0C9C0 /* Helpers */ = {
			isa = PBXGroup;
			children = (
				6851FDF4204125A400C0C9C0 /* GSLayoutConstraint.swift */,
			);
			path = Helpers;
			sourceTree = "<group>";
		};
/* End PBXGroup section */

/* Begin PBXNativeTarget section */
		6851FDD820410E8E00C0C9C0 /* Trade Diary */ = {
			isa = PBXNativeTarget;
			buildConfigurationList = 6851FDEB20410E8E00C0C9C0 /* Build configuration list for PBXNativeTarget "Trade Diary" */;
			buildPhases = (
				375DB03E0B8F96010178C666 /* [CP] Check Pods Manifest.lock */,
				6851FDD520410E8E00C0C9C0 /* Sources */,
				6851FDD620410E8E00C0C9C0 /* Frameworks */,
				6851FDD720410E8E00C0C9C0 /* Resources */,
				9C88CB4B9523FD1563B240BB /* [CP] Embed Pods Frameworks */,
				0316A2392269ACDC5FF30677 /* [CP] Copy Pods Resources */,
			);
			buildRules = (
			);
			dependencies = (
			);
			name = "Trade Diary";
			productName = "Trade Diary";
			productReference = 6851FDD920410E8E00C0C9C0 /* Trade Diary.app */;
			productType = "com.apple.product-type.application";
		};
/* End PBXNativeTarget section */

/* Begin PBXProject section */
		6851FDD120410E8E00C0C9C0 /* Project object */ = {
			isa = PBXProject;
			attributes = {
				LastSwiftUpdateCheck = 0920;
				LastUpgradeCheck = 0920;
				ORGANIZATIONNAME = "Milton and Parc";
				TargetAttributes = {
					6851FDD820410E8E00C0C9C0 = {
						CreatedOnToolsVersion = 9.2;
						ProvisioningStyle = Automatic;
					};
				};
			};
			buildConfigurationList = 6851FDD420410E8E00C0C9C0 /* Build configuration list for PBXProject "Trade Diary" */;
			compatibilityVersion = "Xcode 8.0";
			developmentRegion = en;
			hasScannedForEncodings = 0;
			knownRegions = (
				en,
				Base,
			);
			mainGroup = 6851FDD020410E8E00C0C9C0;
			productRefGroup = 6851FDDA20410E8E00C0C9C0 /* Products */;
			projectDirPath = "";
			projectRoot = "";
			targets = (
				6851FDD820410E8E00C0C9C0 /* Trade Diary */,
			);
		};
/* End PBXProject section */

/* Begin PBXResourcesBuildPhase section */
		6851FDD720410E8E00C0C9C0 /* Resources */ = {
			isa = PBXResourcesBuildPhase;
			buildActionMask = 2147483647;
			files = (
				6851FDE720410E8E00C0C9C0 /* LaunchScreen.storyboard in Resources */,
				6851FDE420410E8E00C0C9C0 /* Assets.xcassets in Resources */,
			);
			runOnlyForDeploymentPostprocessing = 0;
		};
/* End PBXResourcesBuildPhase section */

/* Begin PBXShellScriptBuildPhase section */
		0316A2392269ACDC5FF30677 /* [CP] Copy Pods Resources */ = {
			isa = PBXShellScriptBuildPhase;
			buildActionMask = 2147483647;
			files = (
			);
			inputPaths = (
			);
			name = "[CP] Copy Pods Resources";
			outputPaths = (
			);
			runOnlyForDeploymentPostprocessing = 0;
			shellPath = /bin/sh;
			shellScript = "\"${SRCROOT}/Pods/Target Support Files/Pods-Trade Diary/Pods-Trade Diary-resources.sh\"\n";
			showEnvVarsInLog = 0;
		};
		375DB03E0B8F96010178C666 /* [CP] Check Pods Manifest.lock */ = {
			isa = PBXShellScriptBuildPhase;
			buildActionMask = 2147483647;
			files = (
			);
			inputPaths = (
				"${PODS_PODFILE_DIR_PATH}/Podfile.lock",
				"${PODS_ROOT}/Manifest.lock",
			);
			name = "[CP] Check Pods Manifest.lock";
			outputPaths = (
				"$(DERIVED_FILE_DIR)/Pods-Trade Diary-checkManifestLockResult.txt",
			);
			runOnlyForDeploymentPostprocessing = 0;
			shellPath = /bin/sh;
			shellScript = "diff \"${PODS_PODFILE_DIR_PATH}/Podfile.lock\" \"${PODS_ROOT}/Manifest.lock\" > /dev/null\nif [ $? != 0 ] ; then\n    # print error to STDERR\n    echo \"error: The sandbox is not in sync with the Podfile.lock. Run 'pod install' or update your CocoaPods installation.\" >&2\n    exit 1\nfi\n# This output is used by Xcode 'outputs' to avoid re-running this script phase.\necho \"SUCCESS\" > \"${SCRIPT_OUTPUT_FILE_0}\"\n";
			showEnvVarsInLog = 0;
		};
		9C88CB4B9523FD1563B240BB /* [CP] Embed Pods Frameworks */ = {
			isa = PBXShellScriptBuildPhase;
			buildActionMask = 2147483647;
			files = (
			);
			inputPaths = (
				"${SRCROOT}/Pods/Target Support Files/Pods-Trade Diary/Pods-Trade Diary-frameworks.sh",
				"${BUILT_PRODUCTS_DIR}/Starscream/Starscream.framework",
			);
			name = "[CP] Embed Pods Frameworks";
			outputPaths = (
				"${TARGET_BUILD_DIR}/${FRAMEWORKS_FOLDER_PATH}/Starscream.framework",
			);
			runOnlyForDeploymentPostprocessing = 0;
			shellPath = /bin/sh;
			shellScript = "\"${SRCROOT}/Pods/Target Support Files/Pods-Trade Diary/Pods-Trade Diary-frameworks.sh\"\n";
			showEnvVarsInLog = 0;
		};
/* End PBXShellScriptBuildPhase section */

/* Begin PBXSourcesBuildPhase section */
		6851FDD520410E8E00C0C9C0 /* Sources */ = {
			isa = PBXSourcesBuildPhase;
			buildActionMask = 2147483647;
			files = (
				6851FDF020410FAB00C0C9C0 /* TradeTableViewController.swift in Sources */,
				6851FDF5204125A400C0C9C0 /* GSLayoutConstraint.swift in Sources */,
				6851FDF22041191500C0C9C0 /* NewTradeViewController.swift in Sources */,
				6851FDDD20410E8E00C0C9C0 /* AppDelegate.swift in Sources */,
			);
			runOnlyForDeploymentPostprocessing = 0;
		};
/* End PBXSourcesBuildPhase section */

/* Begin PBXVariantGroup section */
		6851FDE520410E8E00C0C9C0 /* LaunchScreen.storyboard */ = {
			isa = PBXVariantGroup;
			children = (
				6851FDE620410E8E00C0C9C0 /* Base */,
			);
			name = LaunchScreen.storyboard;
			sourceTree = "<group>";
		};
/* End PBXVariantGroup section */

/* Begin XCBuildConfiguration section */
		6851FDE920410E8E00C0C9C0 /* Debug */ = {
			isa = XCBuildConfiguration;
			buildSettings = {
				ALWAYS_SEARCH_USER_PATHS = NO;
				CLANG_ANALYZER_NONNULL = YES;
				CLANG_ANALYZER_NUMBER_OBJECT_CONVERSION = YES_AGGRESSIVE;
				CLANG_CXX_LANGUAGE_STANDARD = "gnu++14";
				CLANG_CXX_LIBRARY = "libc++";
				CLANG_ENABLE_MODULES = YES;
				CLANG_ENABLE_OBJC_ARC = YES;
				CLANG_WARN_BLOCK_CAPTURE_AUTORELEASING = YES;
				CLANG_WARN_BOOL_CONVERSION = YES;
				CLANG_WARN_COMMA = YES;
				CLANG_WARN_CONSTANT_CONVERSION = YES;
				CLANG_WARN_DIRECT_OBJC_ISA_USAGE = YES_ERROR;
				CLANG_WARN_DOCUMENTATION_COMMENTS = YES;
				CLANG_WARN_EMPTY_BODY = YES;
				CLANG_WARN_ENUM_CONVERSION = YES;
				CLANG_WARN_INFINITE_RECURSION = YES;
				CLANG_WARN_INT_CONVERSION = YES;
				CLANG_WARN_NON_LITERAL_NULL_CONVERSION = YES;
				CLANG_WARN_OBJC_LITERAL_CONVERSION = YES;
				CLANG_WARN_OBJC_ROOT_CLASS = YES_ERROR;
				CLANG_WARN_RANGE_LOOP_ANALYSIS = YES;
				CLANG_WARN_STRICT_PROTOTYPES = YES;
				CLANG_WARN_SUSPICIOUS_MOVE = YES;
				CLANG_WARN_UNGUARDED_AVAILABILITY = YES_AGGRESSIVE;
				CLANG_WARN_UNREACHABLE_CODE = YES;
				CLANG_WARN__DUPLICATE_METHOD_MATCH = YES;
				CODE_SIGN_IDENTITY = "iPhone Developer";
				COPY_PHASE_STRIP = NO;
				DEBUG_INFORMATION_FORMAT = dwarf;
				ENABLE_STRICT_OBJC_MSGSEND = YES;
				ENABLE_TESTABILITY = YES;
				GCC_C_LANGUAGE_STANDARD = gnu11;
				GCC_DYNAMIC_NO_PIC = NO;
				GCC_NO_COMMON_BLOCKS = YES;
				GCC_OPTIMIZATION_LEVEL = 0;
				GCC_PREPROCESSOR_DEFINITIONS = (
					"DEBUG=1",
					"$(inherited)",
				);
				GCC_WARN_64_TO_32_BIT_CONVERSION = YES;
				GCC_WARN_ABOUT_RETURN_TYPE = YES_ERROR;
				GCC_WARN_UNDECLARED_SELECTOR = YES;
				GCC_WARN_UNINITIALIZED_AUTOS = YES_AGGRESSIVE;
				GCC_WARN_UNUSED_FUNCTION = YES;
				GCC_WARN_UNUSED_VARIABLE = YES;
				IPHONEOS_DEPLOYMENT_TARGET = 11.2;
				MTL_ENABLE_DEBUG_INFO = YES;
				ONLY_ACTIVE_ARCH = YES;
				SDKROOT = iphoneos;
				SWIFT_ACTIVE_COMPILATION_CONDITIONS = DEBUG;
				SWIFT_OPTIMIZATION_LEVEL = "-Onone";
			};
			name = Debug;
		};
		6851FDEA20410E8E00C0C9C0 /* Release */ = {
			isa = XCBuildConfiguration;
			buildSettings = {
				ALWAYS_SEARCH_USER_PATHS = NO;
				CLANG_ANALYZER_NONNULL = YES;
				CLANG_ANALYZER_NUMBER_OBJECT_CONVERSION = YES_AGGRESSIVE;
				CLANG_CXX_LANGUAGE_STANDARD = "gnu++14";
				CLANG_CXX_LIBRARY = "libc++";
				CLANG_ENABLE_MODULES = YES;
				CLANG_ENABLE_OBJC_ARC = YES;
				CLANG_WARN_BLOCK_CAPTURE_AUTORELEASING = YES;
				CLANG_WARN_BOOL_CONVERSION = YES;
				CLANG_WARN_COMMA = YES;
				CLANG_WARN_CONSTANT_CONVERSION = YES;
				CLANG_WARN_DIRECT_OBJC_ISA_USAGE = YES_ERROR;
				CLANG_WARN_DOCUMENTATION_COMMENTS = YES;
				CLANG_WARN_EMPTY_BODY = YES;
				CLANG_WARN_ENUM_CONVERSION = YES;
				CLANG_WARN_INFINITE_RECURSION = YES;
				CLANG_WARN_INT_CONVERSION = YES;
				CLANG_WARN_NON_LITERAL_NULL_CONVERSION = YES;
				CLANG_WARN_OBJC_LITERAL_CONVERSION = YES;
				CLANG_WARN_OBJC_ROOT_CLASS = YES_ERROR;
				CLANG_WARN_RANGE_LOOP_ANALYSIS = YES;
				CLANG_WARN_STRICT_PROTOTYPES = YES;
				CLANG_WARN_SUSPICIOUS_MOVE = YES;
				CLANG_WARN_UNGUARDED_AVAILABILITY = YES_AGGRESSIVE;
				CLANG_WARN_UNREACHABLE_CODE = YES;
				CLANG_WARN__DUPLICATE_METHOD_MATCH = YES;
				CODE_SIGN_IDENTITY = "iPhone Developer";
				COPY_PHASE_STRIP = NO;
				DEBUG_INFORMATION_FORMAT = "dwarf-with-dsym";
				ENABLE_NS_ASSERTIONS = NO;
				ENABLE_STRICT_OBJC_MSGSEND = YES;
				GCC_C_LANGUAGE_STANDARD = gnu11;
				GCC_NO_COMMON_BLOCKS = YES;
				GCC_WARN_64_TO_32_BIT_CONVERSION = YES;
				GCC_WARN_ABOUT_RETURN_TYPE = YES_ERROR;
				GCC_WARN_UNDECLARED_SELECTOR = YES;
				GCC_WARN_UNINITIALIZED_AUTOS = YES_AGGRESSIVE;
				GCC_WARN_UNUSED_FUNCTION = YES;
				GCC_WARN_UNUSED_VARIABLE = YES;
				IPHONEOS_DEPLOYMENT_TARGET = 11.2;
				MTL_ENABLE_DEBUG_INFO = NO;
				SDKROOT = iphoneos;
				SWIFT_OPTIMIZATION_LEVEL = "-Owholemodule";
				VALIDATE_PRODUCT = YES;
			};
			name = Release;
		};
		6851FDEC20410E8E00C0C9C0 /* Debug */ = {
			isa = XCBuildConfiguration;
			baseConfigurationReference = FF70E953753FC24A1503C9F0 /* Pods-Trade Diary.debug.xcconfig */;
			buildSettings = {
				ASSETCATALOG_COMPILER_APPICON_NAME = AppIcon;
				CODE_SIGN_STYLE = Automatic;
				DEVELOPMENT_TEAM = PRZU7H23QD;
				INFOPLIST_FILE = "Trade Diary/Info.plist";
				LD_RUNPATH_SEARCH_PATHS = "$(inherited) @executable_path/Frameworks";
				PRODUCT_BUNDLE_IDENTIFIER = "com.miltonandparc.Trade-Diary";
				PRODUCT_NAME = "$(TARGET_NAME)";
				SWIFT_VERSION = 4.0;
				TARGETED_DEVICE_FAMILY = "1,2";
			};
			name = Debug;
		};
		6851FDED20410E8E00C0C9C0 /* Release */ = {
			isa = XCBuildConfiguration;
			baseConfigurationReference = C6FD5DD944981435C21FCE09 /* Pods-Trade Diary.release.xcconfig */;
			buildSettings = {
				ASSETCATALOG_COMPILER_APPICON_NAME = AppIcon;
				CODE_SIGN_STYLE = Automatic;
				DEVELOPMENT_TEAM = PRZU7H23QD;
				INFOPLIST_FILE = "Trade Diary/Info.plist";
				LD_RUNPATH_SEARCH_PATHS = "$(inherited) @executable_path/Frameworks";
				PRODUCT_BUNDLE_IDENTIFIER = "com.miltonandparc.Trade-Diary";
				PRODUCT_NAME = "$(TARGET_NAME)";
				SWIFT_VERSION = 4.0;
				TARGETED_DEVICE_FAMILY = "1,2";
			};
			name = Release;
		};
/* End XCBuildConfiguration section */

/* Begin XCConfigurationList section */
		6851FDD420410E8E00C0C9C0 /* Build configuration list for PBXProject "Trade Diary" */ = {
			isa = XCConfigurationList;
			buildConfigurations = (
				6851FDE920410E8E00C0C9C0 /* Debug */,
				6851FDEA20410E8E00C0C9C0 /* Release */,
			);
			defaultConfigurationIsVisible = 0;
			defaultConfigurationName = Release;
		};
		6851FDEB20410E8E00C0C9C0 /* Build configuration list for PBXNativeTarget "Trade Diary" */ = {
			isa = XCConfigurationList;
			buildConfigurations = (
				6851FDEC20410E8E00C0C9C0 /* Debug */,
				6851FDED20410E8E00C0C9C0 /* Release */,
			);
			defaultConfigurationIsVisible = 0;
			defaultConfigurationName = Release;
		};
/* End XCConfigurationList section */
	};
	rootObject = 6851FDD120410E8E00C0C9C0 /* Project object */;
}
